
Microsoft Visual Studio Solution File, Format Version 12.00
# Visual Studio Version 16
VisualStudioVersion = 16.0.29920.165
MinimumVisualStudioVersion = 10.0.40219.1
Project("{FAE04EC0-301F-11D3-BF4B-00C04F79EFBC}") = "week06", "week06\week06.csproj", "{91C49E8F-180D-4E40-BC78-6C51DD2471DB}"
EndProject
Global
	GlobalSection(SolutionConfigurationPlatforms) = preSolution
		Debug|Any CPU = Debug|Any CPU
		Release|Any CPU = Release|Any CPU
	EndGlobalSection
	GlobalSection(ProjectConfigurationPlatforms) = postSolution
		{91C49E8F-180D-4E40-BC78-6C51DD2471DB}.Debug|Any CPU.ActiveCfg = Debug|Any CPU
		{91C49E8F-180D-4E40-BC78-6C51DD2471DB}.Debug|Any CPU.Build.0 = Debug|Any CPU
		{91C49E8F-180D-4E40-BC78-6C51DD2471DB}.Release|Any CPU.ActiveCfg = Release|Any CPU
		{91C49E8F-180D-4E40-BC78-6C51DD2471DB}.Release|Any CPU.Build.0 = Release|Any CPU
	EndGlobalSection
	GlobalSection(SolutionProperties) = preSolution
		HideSolutionNode = FALSE
	EndGlobalSection
	GlobalSection(ExtensibilityGlobals) = postSolution
		SolutionGuid = {7B479DF2-EF60-4B81-9235-28E19BC7B25F}
	EndGlobalSection
EndGlobal
